
Microsoft Visual Studio Solution File, Format Version 12.00
# Visual Studio Version 17
VisualStudioVersion = 17.0.31903.59
MinimumVisualStudioVersion = 10.0.40219.1
Project("{2150E333-8FDC-42A3-9474-1A3956D46DE8}") = "src", "src", "{827E0CD3-B72D-47B6-A68D-7590B98EB39B}"
EndProject
Project("{FAE04EC0-301F-11D3-BF4B-00C04F79EFBC}") = "LinkTracker.Tests", "src\LinkTracker.Tests\LinkTracker.Tests.csproj", "{6E73FE0D-5EAD-423C-A0D0-3107D2472F83}"
EndProject
Project("{FAE04EC0-301F-11D3-BF4B-00C04F79EFBC}") = "LinkTracker.EnvReader", "src\LinkTracker.EnvReader\LinkTracker.EnvReader.csproj", "{B7E331AA-9CAE-4346-BE19-019783FC58D6}"
EndProject
Project("{FAE04EC0-301F-11D3-BF4B-00C04F79EFBC}") = "LinkTracker.Scrapper.Storage.Sql", "src\LinkTracker.Scrapper.Storage.Sql\LinkTracker.Scrapper.Storage.Sql.csproj", "{D5D9024C-1B52-461B-BBDE-030F0EADAADF}"
EndProject
Project("{FAE04EC0-301F-11D3-BF4B-00C04F79EFBC}") = "LinkTracker.Scrapper.Storage.Orm", "src\LinkTracker.Scrapper.Storage.Orm\LinkTracker.Scrapper.Storage.Orm.csproj", "{8ED2205B-4656-4EB5-8296-595C2E926C1F}"
EndProject
Project("{FAE04EC0-301F-11D3-BF4B-00C04F79EFBC}") = "LinkTracker.Scrapper.Storage.Abstractions", "src\LinkTracker.Scrapper.Storage.Abstractions\LinkTracker.Scrapper.Storage.Abstractions.csproj", "{8D184538-BB41-4150-A72A-C25D8FAAE8E9}"
EndProject
Project("{FAE04EC0-301F-11D3-BF4B-00C04F79EFBC}") = "LinkTracker.Shared", "src\LinkTracker.Shared\LinkTracker.Shared.csproj", "{DDC8BC38-75C7-45C2-9456-16C46730572A}"
EndProject
Project("{2150E333-8FDC-42A3-9474-1A3956D46DE8}") = "Scrapper", "Scrapper", "{889CE750-D892-4F66-A776-7FE08C57EF64}"
EndProject
Project("{2150E333-8FDC-42A3-9474-1A3956D46DE8}") = "Shared", "Shared", "{07B914C7-48C7-4B17-8689-0C3676ED0D95}"
EndProject
Project("{2150E333-8FDC-42A3-9474-1A3956D46DE8}") = "Tests", "Tests", "{FA507AD9-9387-40F7-B8B8-9F08B2326938}"
EndProject
Project("{FAE04EC0-301F-11D3-BF4B-00C04F79EFBC}") = "LinkTracker.Bot.Api", "src\LinkTracker.Bot.Api\LinkTracker.Bot.Api.csproj", "{929C3FB7-6D8D-4AF6-8C0A-7B12D466C97B}"
EndProject
Project("{FAE04EC0-301F-11D3-BF4B-00C04F79EFBC}") = "LinkTracker.Bot.Application", "src\LinkTracker.Bot.Application\LinkTracker.Bot.Application.csproj", "{F28F6949-3A29-4574-A626-1CC34736E1DF}"
EndProject
Project("{FAE04EC0-301F-11D3-BF4B-00C04F79EFBC}") = "LinkTracker.Bot.Infrastructure", "src\LinkTracker.Bot.Infrastructure\LinkTracker.Bot.Infrastructure.csproj", "{660D6538-5B09-41E4-8D90-D8E8D276A35F}"
EndProject
Project("{FAE04EC0-301F-11D3-BF4B-00C04F79EFBC}") = "LinkTracker.Bot.Presentation", "src\LinkTracker.Bot.Presentation\LinkTracker.Bot.Presentation.csproj", "{48C722BF-D25B-4169-B2CB-6C68F7CA4978}"
EndProject
Project("{FAE04EC0-301F-11D3-BF4B-00C04F79EFBC}") = "LinkTracker.Scrapper.Api", "src\LinkTracker.Scrapper.Api\LinkTracker.Scrapper.Api.csproj", "{EA79A84E-F8CF-4D72-B56B-C5330FA6EC74}"
EndProject
Project("{FAE04EC0-301F-11D3-BF4B-00C04F79EFBC}") = "LinkTracker.Scrapper.Application", "src\LinkTracker.Scrapper.Application\LinkTracker.Scrapper.Application.csproj", "{F921A0A5-9251-40D4-8F28-42F758A3A0CB}"
EndProject
Project("{FAE04EC0-301F-11D3-BF4B-00C04F79EFBC}") = "LinkTracker.Scrapper.Infrastructure", "src\LinkTracker.Scrapper.Infrastructure\LinkTracker.Scrapper.Infrastructure.csproj", "{C23694F2-4F17-46B5-AC45-AE580A3A3E06}"
EndProject
Project("{FAE04EC0-301F-11D3-BF4B-00C04F79EFBC}") = "LinkTracker.Scrapper.Presentation", "src\LinkTracker.Scrapper.Presentation\LinkTracker.Scrapper.Presentation.csproj", "{D4912513-C037-4C6A-B39D-218B047BB031}"
EndProject
Project("{FAE04EC0-301F-11D3-BF4B-00C04F79EFBC}") = "LinkTracker.Scrapper.Contracts", "src\LinkTracker.Scrapper.Contracts\LinkTracker.Scrapper.Contracts.csproj", "{6E59A899-B2E9-46C8-ABCC-2FEDD9A69007}"
EndProject
Project("{2150E333-8FDC-42A3-9474-1A3956D46DE8}") = "Bot", "Bot", "{B354E2A6-593F-4BEF-A89B-3E61B4555002}"
EndProject
Project("{2150E333-8FDC-42A3-9474-1A3956D46DE8}") = "Storage", "Storage", "{C9FDA2A5-54B0-4335-A506-3D71DF365252}"
EndProject
Project("{FAE04EC0-301F-11D3-BF4B-00C04F79EFBC}") = "LinkTracker.AiAgent.Application", "src\LinkTracker.AiAgent.Application\LinkTracker.AiAgent.Application.csproj", "{E38BBDFE-9F2A-4590-82C3-F0FA92E4713B}"
EndProject
Project("{FAE04EC0-301F-11D3-BF4B-00C04F79EFBC}") = "LinkTracker.AiAgent.Infrastructure", "src\LinkTracker.AiAgent.Infrastructure\LinkTracker.AiAgent.Infrastructure.csproj", "{8B14391F-C7E0-47DD-A283-55B87A9F5832}"
EndProject
Project("{FAE04EC0-301F-11D3-BF4B-00C04F79EFBC}") = "LinkTracker.AiAgent.Api", "src\LinkTracker.AiAgent.Api\LinkTracker.AiAgent.Api.csproj", "{C67D75EC-B732-4869-8711-0E3C7EF8CC0C}"
EndProject
Project("{2150E333-8FDC-42A3-9474-1A3956D46DE8}") = "AiAgent", "AiAgent", "{E77BB022-F1CC-4A6B-A7B6-395FFB9EF8B8}"
EndProject
Global
	GlobalSection(SolutionConfigurationPlatforms) = preSolution
		Debug|Any CPU = Debug|Any CPU
		Debug|x64 = Debug|x64
		Debug|x86 = Debug|x86
		Release|Any CPU = Release|Any CPU
		Release|x64 = Release|x64
		Release|x86 = Release|x86
	EndGlobalSection
	GlobalSection(ProjectConfigurationPlatforms) = postSolution
		{6E73FE0D-5EAD-423C-A0D0-3107D2472F83}.Debug|Any CPU.ActiveCfg = Debug|Any CPU
		{6E73FE0D-5EAD-423C-A0D0-3107D2472F83}.Debug|Any CPU.Build.0 = Debug|Any CPU
		{6E73FE0D-5EAD-423C-A0D0-3107D2472F83}.Debug|x64.ActiveCfg = Debug|Any CPU
		{6E73FE0D-5EAD-423C-A0D0-3107D2472F83}.Debug|x64.Build.0 = Debug|Any CPU
		{6E73FE0D-5EAD-423C-A0D0-3107D2472F83}.Debug|x86.ActiveCfg = Debug|Any CPU
		{6E73FE0D-5EAD-423C-A0D0-3107D2472F83}.Debug|x86.Build.0 = Debug|Any CPU
		{6E73FE0D-5EAD-423C-A0D0-3107D2472F83}.Release|Any CPU.ActiveCfg = Release|Any CPU
		{6E73FE0D-5EAD-423C-A0D0-3107D2472F83}.Release|Any CPU.Build.0 = Release|Any CPU
		{6E73FE0D-5EAD-423C-A0D0-3107D2472F83}.Release|x64.ActiveCfg = Release|Any CPU
		{6E73FE0D-5EAD-423C-A0D0-3107D2472F83}.Release|x64.Build.0 = Release|Any CPU
		{6E73FE0D-5EAD-423C-A0D0-3107D2472F83}.Release|x86.ActiveCfg = Release|Any CPU
		{6E73FE0D-5EAD-423C-A0D0-3107D2472F83}.Release|x86.Build.0 = Release|Any CPU
		{B7E331AA-9CAE-4346-BE19-019783FC58D6}.Debug|Any CPU.ActiveCfg = Debug|Any CPU
		{B7E331AA-9CAE-4346-BE19-019783FC58D6}.Debug|Any CPU.Build.0 = Debug|Any CPU
		{B7E331AA-9CAE-4346-BE19-019783FC58D6}.Debug|x64.ActiveCfg = Debug|Any CPU
		{B7E331AA-9CAE-4346-BE19-019783FC58D6}.Debug|x64.Build.0 = Debug|Any CPU
		{B7E331AA-9CAE-4346-BE19-019783FC58D6}.Debug|x86.ActiveCfg = Debug|Any CPU
		{B7E331AA-9CAE-4346-BE19-019783FC58D6}.Debug|x86.Build.0 = Debug|Any CPU
		{B7E331AA-9CAE-4346-BE19-019783FC58D6}.Release|Any CPU.ActiveCfg = Release|Any CPU
		{B7E331AA-9CAE-4346-BE19-019783FC58D6}.Release|Any CPU.Build.0 = Release|Any CPU
		{B7E331AA-9CAE-4346-BE19-019783FC58D6}.Release|x64.ActiveCfg = Release|Any CPU
		{B7E331AA-9CAE-4346-BE19-019783FC58D6}.Release|x64.Build.0 = Release|Any CPU
		{B7E331AA-9CAE-4346-BE19-019783FC58D6}.Release|x86.ActiveCfg = Release|Any CPU
		{B7E331AA-9CAE-4346-BE19-019783FC58D6}.Release|x86.Build.0 = Release|Any CPU
		{D5D9024C-1B52-461B-BBDE-030F0EADAADF}.Debug|Any CPU.ActiveCfg = Debug|Any CPU
		{D5D9024C-1B52-461B-BBDE-030F0EADAADF}.Debug|Any CPU.Build.0 = Debug|Any CPU
		{D5D9024C-1B52-461B-BBDE-030F0EADAADF}.Debug|x64.ActiveCfg = Debug|Any CPU
		{D5D9024C-1B52-461B-BBDE-030F0EADAADF}.Debug|x64.Build.0 = Debug|Any CPU
		{D5D9024C-1B52-461B-BBDE-030F0EADAADF}.Debug|x86.ActiveCfg = Debug|Any CPU
		{D5D9024C-1B52-461B-BBDE-030F0EADAADF}.Debug|x86.Build.0 = Debug|Any CPU
		{D5D9024C-1B52-461B-BBDE-030F0EADAADF}.Release|Any CPU.ActiveCfg = Release|Any CPU
		{D5D9024C-1B52-461B-BBDE-030F0EADAADF}.Release|Any CPU.Build.0 = Release|Any CPU
		{D5D9024C-1B52-461B-BBDE-030F0EADAADF}.Release|x64.ActiveCfg = Release|Any CPU
		{D5D9024C-1B52-461B-BBDE-030F0EADAADF}.Release|x64.Build.0 = Release|Any CPU
		{D5D9024C-1B52-461B-BBDE-030F0EADAADF}.Release|x86.ActiveCfg = Release|Any CPU
		{D5D9024C-1B52-461B-BBDE-030F0EADAADF}.Release|x86.Build.0 = Release|Any CPU
		{8ED2205B-4656-4EB5-8296-595C2E926C1F}.Debug|Any CPU.ActiveCfg = Debug|Any CPU
		{8ED2205B-4656-4EB5-8296-595C2E926C1F}.Debug|Any CPU.Build.0 = Debug|Any CPU
		{8ED2205B-4656-4EB5-8296-595C2E926C1F}.Debug|x64.ActiveCfg = Debug|Any CPU
		{8ED2205B-4656-4EB5-8296-595C2E926C1F}.Debug|x64.Build.0 = Debug|Any CPU
		{8ED2205B-4656-4EB5-8296-595C2E926C1F}.Debug|x86.ActiveCfg = Debug|Any CPU
		{8ED2205B-4656-4EB5-8296-595C2E926C1F}.Debug|x86.Build.0 = Debug|Any CPU
		{8ED2205B-4656-4EB5-8296-595C2E926C1F}.Release|Any CPU.ActiveCfg = Release|Any CPU
		{8ED2205B-4656-4EB5-8296-595C2E926C1F}.Release|Any CPU.Build.0 = Release|Any CPU
		{8ED2205B-4656-4EB5-8296-595C2E926C1F}.Release|x64.ActiveCfg = Release|Any CPU
		{8ED2205B-4656-4EB5-8296-595C2E926C1F}.Release|x64.Build.0 = Release|Any CPU
		{8ED2205B-4656-4EB5-8296-595C2E926C1F}.Release|x86.ActiveCfg = Release|Any CPU
		{8ED2205B-4656-4EB5-8296-595C2E926C1F}.Release|x86.Build.0 = Release|Any CPU
		{8D184538-BB41-4150-A72A-C25D8FAAE8E9}.Debug|Any CPU.ActiveCfg = Debug|Any CPU
		{8D184538-BB41-4150-A72A-C25D8FAAE8E9}.Debug|Any CPU.Build.0 = Debug|Any CPU
		{8D184538-BB41-4150-A72A-C25D8FAAE8E9}.Debug|x64.ActiveCfg = Debug|Any CPU
		{8D184538-BB41-4150-A72A-C25D8FAAE8E9}.Debug|x64.Build.0 = Debug|Any CPU
		{8D184538-BB41-4150-A72A-C25D8FAAE8E9}.Debug|x86.ActiveCfg = Debug|Any CPU
		{8D184538-BB41-4150-A72A-C25D8FAAE8E9}.Debug|x86.Build.0 = Debug|Any CPU
		{8D184538-BB41-4150-A72A-C25D8FAAE8E9}.Release|Any CPU.ActiveCfg = Release|Any CPU
		{8D184538-BB41-4150-A72A-C25D8FAAE8E9}.Release|Any CPU.Build.0 = Release|Any CPU
		{8D184538-BB41-4150-A72A-C25D8FAAE8E9}.Release|x64.ActiveCfg = Release|Any CPU
		{8D184538-BB41-4150-A72A-C25D8FAAE8E9}.Release|x64.Build.0 = Release|Any CPU
		{8D184538-BB41-4150-A72A-C25D8FAAE8E9}.Release|x86.ActiveCfg = Release|Any CPU
		{8D184538-BB41-4150-A72A-C25D8FAAE8E9}.Release|x86.Build.0 = Release|Any CPU
		{DDC8BC38-75C7-45C2-9456-16C46730572A}.Debug|Any CPU.ActiveCfg = Debug|Any CPU
		{DDC8BC38-75C7-45C2-9456-16C46730572A}.Debug|Any CPU.Build.0 = Debug|Any CPU
		{DDC8BC38-75C7-45C2-9456-16C46730572A}.Debug|x64.ActiveCfg = Debug|Any CPU
		{DDC8BC38-75C7-45C2-9456-16C46730572A}.Debug|x64.Build.0 = Debug|Any CPU
		{DDC8BC38-75C7-45C2-9456-16C46730572A}.Debug|x86.ActiveCfg = Debug|Any CPU
		{DDC8BC38-75C7-45C2-9456-16C46730572A}.Debug|x86.Build.0 = Debug|Any CPU
		{DDC8BC38-75C7-45C2-9456-16C46730572A}.Release|Any CPU.ActiveCfg = Release|Any CPU
		{DDC8BC38-75C7-45C2-9456-16C46730572A}.Release|Any CPU.Build.0 = Release|Any CPU
		{DDC8BC38-75C7-45C2-9456-16C46730572A}.Release|x64.ActiveCfg = Release|Any CPU
		{DDC8BC38-75C7-45C2-9456-16C46730572A}.Release|x64.Build.0 = Release|Any CPU
		{DDC8BC38-75C7-45C2-9456-16C46730572A}.Release|x86.ActiveCfg = Release|Any CPU
		{DDC8BC38-75C7-45C2-9456-16C46730572A}.Release|x86.Build.0 = Release|Any CPU
		{929C3FB7-6D8D-4AF6-8C0A-7B12D466C97B}.Debug|Any CPU.ActiveCfg = Debug|Any CPU
		{929C3FB7-6D8D-4AF6-8C0A-7B12D466C97B}.Debug|Any CPU.Build.0 = Debug|Any CPU
		{929C3FB7-6D8D-4AF6-8C0A-7B12D466C97B}.Debug|x64.ActiveCfg = Debug|Any CPU
		{929C3FB7-6D8D-4AF6-8C0A-7B12D466C97B}.Debug|x64.Build.0 = Debug|Any CPU
		{929C3FB7-6D8D-4AF6-8C0A-7B12D466C97B}.Debug|x86.ActiveCfg = Debug|Any CPU
		{929C3FB7-6D8D-4AF6-8C0A-7B12D466C97B}.Debug|x86.Build.0 = Debug|Any CPU
		{929C3FB7-6D8D-4AF6-8C0A-7B12D466C97B}.Release|Any CPU.ActiveCfg = Release|Any CPU
		{929C3FB7-6D8D-4AF6-8C0A-7B12D466C97B}.Release|Any CPU.Build.0 = Release|Any CPU
		{929C3FB7-6D8D-4AF6-8C0A-7B12D466C97B}.Release|x64.ActiveCfg = Release|Any CPU
		{929C3FB7-6D8D-4AF6-8C0A-7B12D466C97B}.Release|x64.Build.0 = Release|Any CPU
		{929C3FB7-6D8D-4AF6-8C0A-7B12D466C97B}.Release|x86.ActiveCfg = Release|Any CPU
		{929C3FB7-6D8D-4AF6-8C0A-7B12D466C97B}.Release|x86.Build.0 = Release|Any CPU
		{F28F6949-3A29-4574-A626-1CC34736E1DF}.Debug|Any CPU.ActiveCfg = Debug|Any CPU
		{F28F6949-3A29-4574-A626-1CC34736E1DF}.Debug|Any CPU.Build.0 = Debug|Any CPU
		{F28F6949-3A29-4574-A626-1CC34736E1DF}.Debug|x64.ActiveCfg = Debug|Any CPU
		{F28F6949-3A29-4574-A626-1CC34736E1DF}.Debug|x64.Build.0 = Debug|Any CPU
		{F28F6949-3A29-4574-A626-1CC34736E1DF}.Debug|x86.ActiveCfg = Debug|Any CPU
		{F28F6949-3A29-4574-A626-1CC34736E1DF}.Debug|x86.Build.0 = Debug|Any CPU
		{F28F6949-3A29-4574-A626-1CC34736E1DF}.Release|Any CPU.ActiveCfg = Release|Any CPU
		{F28F6949-3A29-4574-A626-1CC34736E1DF}.Release|Any CPU.Build.0 = Release|Any CPU
		{F28F6949-3A29-4574-A626-1CC34736E1DF}.Release|x64.ActiveCfg = Release|Any CPU
		{F28F6949-3A29-4574-A626-1CC34736E1DF}.Release|x64.Build.0 = Release|Any CPU
		{F28F6949-3A29-4574-A626-1CC34736E1DF}.Release|x86.ActiveCfg = Release|Any CPU
		{F28F6949-3A29-4574-A626-1CC34736E1DF}.Release|x86.Build.0 = Release|Any CPU
		{660D6538-5B09-41E4-8D90-D8E8D276A35F}.Debug|Any CPU.ActiveCfg = Debug|Any CPU
		{660D6538-5B09-41E4-8D90-D8E8D276A35F}.Debug|Any CPU.Build.0 = Debug|Any CPU
		{660D6538-5B09-41E4-8D90-D8E8D276A35F}.Debug|x64.ActiveCfg = Debug|Any CPU
		{660D6538-5B09-41E4-8D90-D8E8D276A35F}.Debug|x64.Build.0 = Debug|Any CPU
		{660D6538-5B09-41E4-8D90-D8E8D276A35F}.Debug|x86.ActiveCfg = Debug|Any CPU
		{660D6538-5B09-41E4-8D90-D8E8D276A35F}.Debug|x86.Build.0 = Debug|Any CPU
		{660D6538-5B09-41E4-8D90-D8E8D276A35F}.Release|Any CPU.ActiveCfg = Release|Any CPU
		{660D6538-5B09-41E4-8D90-D8E8D276A35F}.Release|Any CPU.Build.0 = Release|Any CPU
		{660D6538-5B09-41E4-8D90-D8E8D276A35F}.Release|x64.ActiveCfg = Release|Any CPU
		{660D6538-5B09-41E4-8D90-D8E8D276A35F}.Release|x64.Build.0 = Release|Any CPU
		{660D6538-5B09-41E4-8D90-D8E8D276A35F}.Release|x86.ActiveCfg = Release|Any CPU
		{660D6538-5B09-41E4-8D90-D8E8D276A35F}.Release|x86.Build.0 = Release|Any CPU
		{48C722BF-D25B-4169-B2CB-6C68F7CA4978}.Debug|Any CPU.ActiveCfg = Debug|Any CPU
		{48C722BF-D25B-4169-B2CB-6C68F7CA4978}.Debug|Any CPU.Build.0 = Debug|Any CPU
		{48C722BF-D25B-4169-B2CB-6C68F7CA4978}.Debug|x64.ActiveCfg = Debug|Any CPU
		{48C722BF-D25B-4169-B2CB-6C68F7CA4978}.Debug|x64.Build.0 = Debug|Any CPU
		{48C722BF-D25B-4169-B2CB-6C68F7CA4978}.Debug|x86.ActiveCfg = Debug|Any CPU
		{48C722BF-D25B-4169-B2CB-6C68F7CA4978}.Debug|x86.Build.0 = Debug|Any CPU
		{48C722BF-D25B-4169-B2CB-6C68F7CA4978}.Release|Any CPU.ActiveCfg = Release|Any CPU
		{48C722BF-D25B-4169-B2CB-6C68F7CA4978}.Release|Any CPU.Build.0 = Release|Any CPU
		{48C722BF-D25B-4169-B2CB-6C68F7CA4978}.Release|x64.ActiveCfg = Release|Any CPU
		{48C722BF-D25B-4169-B2CB-6C68F7CA4978}.Release|x64.Build.0 = Release|Any CPU
		{48C722BF-D25B-4169-B2CB-6C68F7CA4978}.Release|x86.ActiveCfg = Release|Any CPU
		{48C722BF-D25B-4169-B2CB-6C68F7CA4978}.Release|x86.Build.0 = Release|Any CPU
		{EA79A84E-F8CF-4D72-B56B-C5330FA6EC74}.Debug|Any CPU.ActiveCfg = Debug|Any CPU
		{EA79A84E-F8CF-4D72-B56B-C5330FA6EC74}.Debug|Any CPU.Build.0 = Debug|Any CPU
		{EA79A84E-F8CF-4D72-B56B-C5330FA6EC74}.Debug|x64.ActiveCfg = Debug|Any CPU
		{EA79A84E-F8CF-4D72-B56B-C5330FA6EC74}.Debug|x64.Build.0 = Debug|Any CPU
		{EA79A84E-F8CF-4D72-B56B-C5330FA6EC74}.Debug|x86.ActiveCfg = Debug|Any CPU
		{EA79A84E-F8CF-4D72-B56B-C5330FA6EC74}.Debug|x86.Build.0 = Debug|Any CPU
		{EA79A84E-F8CF-4D72-B56B-C5330FA6EC74}.Release|Any CPU.ActiveCfg = Release|Any CPU
		{EA79A84E-F8CF-4D72-B56B-C5330FA6EC74}.Release|Any CPU.Build.0 = Release|Any CPU
		{EA79A84E-F8CF-4D72-B56B-C5330FA6EC74}.Release|x64.ActiveCfg = Release|Any CPU
		{EA79A84E-F8CF-4D72-B56B-C5330FA6EC74}.Release|x64.Build.0 = Release|Any CPU
		{EA79A84E-F8CF-4D72-B56B-C5330FA6EC74}.Release|x86.ActiveCfg = Release|Any CPU
		{EA79A84E-F8CF-4D72-B56B-C5330FA6EC74}.Release|x86.Build.0 = Release|Any CPU
		{F921A0A5-9251-40D4-8F28-42F758A3A0CB}.Debug|Any CPU.ActiveCfg = Debug|Any CPU
		{F921A0A5-9251-40D4-8F28-42F758A3A0CB}.Debug|Any CPU.Build.0 = Debug|Any CPU
		{F921A0A5-9251-40D4-8F28-42F758A3A0CB}.Debug|x64.ActiveCfg = Debug|Any CPU
		{F921A0A5-9251-40D4-8F28-42F758A3A0CB}.Debug|x64.Build.0 = Debug|Any CPU
		{F921A0A5-9251-40D4-8F28-42F758A3A0CB}.Debug|x86.ActiveCfg = Debug|Any CPU
		{F921A0A5-9251-40D4-8F28-42F758A3A0CB}.Debug|x86.Build.0 = Debug|Any CPU
		{F921A0A5-9251-40D4-8F28-42F758A3A0CB}.Release|Any CPU.ActiveCfg = Release|Any CPU
		{F921A0A5-9251-40D4-8F28-42F758A3A0CB}.Release|Any CPU.Build.0 = Release|Any CPU
		{F921A0A5-9251-40D4-8F28-42F758A3A0CB}.Release|x64.ActiveCfg = Release|Any CPU
		{F921A0A5-9251-40D4-8F28-42F758A3A0CB}.Release|x64.Build.0 = Release|Any CPU
		{F921A0A5-9251-40D4-8F28-42F758A3A0CB}.Release|x86.ActiveCfg = Release|Any CPU
		{F921A0A5-9251-40D4-8F28-42F758A3A0CB}.Release|x86.Build.0 = Release|Any CPU
		{C23694F2-4F17-46B5-AC45-AE580A3A3E06}.Debug|Any CPU.ActiveCfg = Debug|Any CPU
		{C23694F2-4F17-46B5-AC45-AE580A3A3E06}.Debug|Any CPU.Build.0 = Debug|Any CPU
		{C23694F2-4F17-46B5-AC45-AE580A3A3E06}.Debug|x64.ActiveCfg = Debug|Any CPU
		{C23694F2-4F17-46B5-AC45-AE580A3A3E06}.Debug|x64.Build.0 = Debug|Any CPU
		{C23694F2-4F17-46B5-AC45-AE580A3A3E06}.Debug|x86.ActiveCfg = Debug|Any CPU
		{C23694F2-4F17-46B5-AC45-AE580A3A3E06}.Debug|x86.Build.0 = Debug|Any CPU
		{C23694F2-4F17-46B5-AC45-AE580A3A3E06}.Release|Any CPU.ActiveCfg = Release|Any CPU
		{C23694F2-4F17-46B5-AC45-AE580A3A3E06}.Release|Any CPU.Build.0 = Release|Any CPU
		{C23694F2-4F17-46B5-AC45-AE580A3A3E06}.Release|x64.ActiveCfg = Release|Any CPU
		{C23694F2-4F17-46B5-AC45-AE580A3A3E06}.Release|x64.Build.0 = Release|Any CPU
		{C23694F2-4F17-46B5-AC45-AE580A3A3E06}.Release|x86.ActiveCfg = Release|Any CPU
		{C23694F2-4F17-46B5-AC45-AE580A3A3E06}.Release|x86.Build.0 = Release|Any CPU
		{D4912513-C037-4C6A-B39D-218B047BB031}.Debug|Any CPU.ActiveCfg = Debug|Any CPU
		{D4912513-C037-4C6A-B39D-218B047BB031}.Debug|Any CPU.Build.0 = Debug|Any CPU
		{D4912513-C037-4C6A-B39D-218B047BB031}.Debug|x64.ActiveCfg = Debug|Any CPU
		{D4912513-C037-4C6A-B39D-218B047BB031}.Debug|x64.Build.0 = Debug|Any CPU
		{D4912513-C037-4C6A-B39D-218B047BB031}.Debug|x86.ActiveCfg = Debug|Any CPU
		{D4912513-C037-4C6A-B39D-218B047BB031}.Debug|x86.Build.0 = Debug|Any CPU
		{D4912513-C037-4C6A-B39D-218B047BB031}.Release|Any CPU.ActiveCfg = Release|Any CPU
		{D4912513-C037-4C6A-B39D-218B047BB031}.Release|Any CPU.Build.0 = Release|Any CPU
		{D4912513-C037-4C6A-B39D-218B047BB031}.Release|x64.ActiveCfg = Release|Any CPU
		{D4912513-C037-4C6A-B39D-218B047BB031}.Release|x64.Build.0 = Release|Any CPU
		{D4912513-C037-4C6A-B39D-218B047BB031}.Release|x86.ActiveCfg = Release|Any CPU
		{D4912513-C037-4C6A-B39D-218B047BB031}.Release|x86.Build.0 = Release|Any CPU
		{6E59A899-B2E9-46C8-ABCC-2FEDD9A69007}.Debug|Any CPU.ActiveCfg = Debug|Any CPU
		{6E59A899-B2E9-46C8-ABCC-2FEDD9A69007}.Debug|Any CPU.Build.0 = Debug|Any CPU
		{6E59A899-B2E9-46C8-ABCC-2FEDD9A69007}.Debug|x64.ActiveCfg = Debug|Any CPU
		{6E59A899-B2E9-46C8-ABCC-2FEDD9A69007}.Debug|x64.Build.0 = Debug|Any CPU
		{6E59A899-B2E9-46C8-ABCC-2FEDD9A69007}.Debug|x86.ActiveCfg = Debug|Any CPU
		{6E59A899-B2E9-46C8-ABCC-2FEDD9A69007}.Debug|x86.Build.0 = Debug|Any CPU
		{6E59A899-B2E9-46C8-ABCC-2FEDD9A69007}.Release|Any CPU.ActiveCfg = Release|Any CPU
		{6E59A899-B2E9-46C8-ABCC-2FEDD9A69007}.Release|Any CPU.Build.0 = Release|Any CPU
		{6E59A899-B2E9-46C8-ABCC-2FEDD9A69007}.Release|x64.ActiveCfg = Release|Any CPU
		{6E59A899-B2E9-46C8-ABCC-2FEDD9A69007}.Release|x64.Build.0 = Release|Any CPU
		{6E59A899-B2E9-46C8-ABCC-2FEDD9A69007}.Release|x86.ActiveCfg = Release|Any CPU
		{6E59A899-B2E9-46C8-ABCC-2FEDD9A69007}.Release|x86.Build.0 = Release|Any CPU
		{E38BBDFE-9F2A-4590-82C3-F0FA92E4713B}.Debug|Any CPU.ActiveCfg = Debug|Any CPU
		{E38BBDFE-9F2A-4590-82C3-F0FA92E4713B}.Debug|Any CPU.Build.0 = Debug|Any CPU
		{E38BBDFE-9F2A-4590-82C3-F0FA92E4713B}.Debug|x64.ActiveCfg = Debug|Any CPU
		{E38BBDFE-9F2A-4590-82C3-F0FA92E4713B}.Debug|x64.Build.0 = Debug|Any CPU
		{E38BBDFE-9F2A-4590-82C3-F0FA92E4713B}.Debug|x86.ActiveCfg = Debug|Any CPU
		{E38BBDFE-9F2A-4590-82C3-F0FA92E4713B}.Debug|x86.Build.0 = Debug|Any CPU
		{E38BBDFE-9F2A-4590-82C3-F0FA92E4713B}.Release|Any CPU.ActiveCfg = Release|Any CPU
		{E38BBDFE-9F2A-4590-82C3-F0FA92E4713B}.Release|Any CPU.Build.0 = Release|Any CPU
		{E38BBDFE-9F2A-4590-82C3-F0FA92E4713B}.Release|x64.ActiveCfg = Release|Any CPU
		{E38BBDFE-9F2A-4590-82C3-F0FA92E4713B}.Release|x64.Build.0 = Release|Any CPU
		{E38BBDFE-9F2A-4590-82C3-F0FA92E4713B}.Release|x86.ActiveCfg = Release|Any CPU
		{E38BBDFE-9F2A-4590-82C3-F0FA92E4713B}.Release|x86.Build.0 = Release|Any CPU
		{8B14391F-C7E0-47DD-A283-55B87A9F5832}.Debug|Any CPU.ActiveCfg = Debug|Any CPU
		{8B14391F-C7E0-47DD-A283-55B87A9F5832}.Debug|Any CPU.Build.0 = Debug|Any CPU
		{8B14391F-C7E0-47DD-A283-55B87A9F5832}.Debug|x64.ActiveCfg = Debug|Any CPU
		{8B14391F-C7E0-47DD-A283-55B87A9F5832}.Debug|x64.Build.0 = Debug|Any CPU
		{8B14391F-C7E0-47DD-A283-55B87A9F5832}.Debug|x86.ActiveCfg = Debug|Any CPU
		{8B14391F-C7E0-47DD-A283-55B87A9F5832}.Debug|x86.Build.0 = Debug|Any CPU
		{8B14391F-C7E0-47DD-A283-55B87A9F5832}.Release|Any CPU.ActiveCfg = Release|Any CPU
		{8B14391F-C7E0-47DD-A283-55B87A9F5832}.Release|Any CPU.Build.0 = Release|Any CPU
		{8B14391F-C7E0-47DD-A283-55B87A9F5832}.Release|x64.ActiveCfg = Release|Any CPU
		{8B14391F-C7E0-47DD-A283-55B87A9F5832}.Release|x64.Build.0 = Release|Any CPU
		{8B14391F-C7E0-47DD-A283-55B87A9F5832}.Release|x86.ActiveCfg = Release|Any CPU
		{8B14391F-C7E0-47DD-A283-55B87A9F5832}.Release|x86.Build.0 = Release|Any CPU
		{C67D75EC-B732-4869-8711-0E3C7EF8CC0C}.Debug|Any CPU.ActiveCfg = Debug|Any CPU
		{C67D75EC-B732-4869-8711-0E3C7EF8CC0C}.Debug|Any CPU.Build.0 = Debug|Any CPU
		{C67D75EC-B732-4869-8711-0E3C7EF8CC0C}.Debug|x64.ActiveCfg = Debug|Any CPU
		{C67D75EC-B732-4869-8711-0E3C7EF8CC0C}.Debug|x64.Build.0 = Debug|Any CPU
		{C67D75EC-B732-4869-8711-0E3C7EF8CC0C}.Debug|x86.ActiveCfg = Debug|Any CPU
		{C67D75EC-B732-4869-8711-0E3C7EF8CC0C}.Debug|x86.Build.0 = Debug|Any CPU
		{C67D75EC-B732-4869-8711-0E3C7EF8CC0C}.Release|Any CPU.ActiveCfg = Release|Any CPU
		{C67D75EC-B732-4869-8711-0E3C7EF8CC0C}.Release|Any CPU.Build.0 = Release|Any CPU
		{C67D75EC-B732-4869-8711-0E3C7EF8CC0C}.Release|x64.ActiveCfg = Release|Any CPU
		{C67D75EC-B732-4869-8711-0E3C7EF8CC0C}.Release|x64.Build.0 = Release|Any CPU
		{C67D75EC-B732-4869-8711-0E3C7EF8CC0C}.Release|x86.ActiveCfg = Release|Any CPU
		{C67D75EC-B732-4869-8711-0E3C7EF8CC0C}.Release|x86.Build.0 = Release|Any CPU
	EndGlobalSection
	GlobalSection(SolutionProperties) = preSolution
		HideSolutionNode = FALSE
	EndGlobalSection
	GlobalSection(NestedProjects) = preSolution
		{6E73FE0D-5EAD-423C-A0D0-3107D2472F83} = {FA507AD9-9387-40F7-B8B8-9F08B2326938}
		{B7E331AA-9CAE-4346-BE19-019783FC58D6} = {07B914C7-48C7-4B17-8689-0C3676ED0D95}
		{D5D9024C-1B52-461B-BBDE-030F0EADAADF} = {C9FDA2A5-54B0-4335-A506-3D71DF365252}
		{8ED2205B-4656-4EB5-8296-595C2E926C1F} = {C9FDA2A5-54B0-4335-A506-3D71DF365252}
		{8D184538-BB41-4150-A72A-C25D8FAAE8E9} = {C9FDA2A5-54B0-4335-A506-3D71DF365252}
		{DDC8BC38-75C7-45C2-9456-16C46730572A} = {07B914C7-48C7-4B17-8689-0C3676ED0D95}
		{889CE750-D892-4F66-A776-7FE08C57EF64} = {827E0CD3-B72D-47B6-A68D-7590B98EB39B}
		{07B914C7-48C7-4B17-8689-0C3676ED0D95} = {827E0CD3-B72D-47B6-A68D-7590B98EB39B}
		{FA507AD9-9387-40F7-B8B8-9F08B2326938} = {827E0CD3-B72D-47B6-A68D-7590B98EB39B}
		{929C3FB7-6D8D-4AF6-8C0A-7B12D466C97B} = {B354E2A6-593F-4BEF-A89B-3E61B4555002}
		{F28F6949-3A29-4574-A626-1CC34736E1DF} = {B354E2A6-593F-4BEF-A89B-3E61B4555002}
		{660D6538-5B09-41E4-8D90-D8E8D276A35F} = {B354E2A6-593F-4BEF-A89B-3E61B4555002}
		{48C722BF-D25B-4169-B2CB-6C68F7CA4978} = {B354E2A6-593F-4BEF-A89B-3E61B4555002}
		{EA79A84E-F8CF-4D72-B56B-C5330FA6EC74} = {889CE750-D892-4F66-A776-7FE08C57EF64}
		{F921A0A5-9251-40D4-8F28-42F758A3A0CB} = {889CE750-D892-4F66-A776-7FE08C57EF64}
		{C23694F2-4F17-46B5-AC45-AE580A3A3E06} = {889CE750-D892-4F66-A776-7FE08C57EF64}
		{D4912513-C037-4C6A-B39D-218B047BB031} = {889CE750-D892-4F66-A776-7FE08C57EF64}
		{6E59A899-B2E9-46C8-ABCC-2FEDD9A69007} = {889CE750-D892-4F66-A776-7FE08C57EF64}
		{B354E2A6-593F-4BEF-A89B-3E61B4555002} = {827E0CD3-B72D-47B6-A68D-7590B98EB39B}
		{C9FDA2A5-54B0-4335-A506-3D71DF365252} = {889CE750-D892-4F66-A776-7FE08C57EF64}
		{E77BB022-F1CC-4A6B-A7B6-395FFB9EF8B8} = {827E0CD3-B72D-47B6-A68D-7590B98EB39B}
		{C67D75EC-B732-4869-8711-0E3C7EF8CC0C} = {E77BB022-F1CC-4A6B-A7B6-395FFB9EF8B8}
		{E38BBDFE-9F2A-4590-82C3-F0FA92E4713B} = {E77BB022-F1CC-4A6B-A7B6-395FFB9EF8B8}
		{8B14391F-C7E0-47DD-A283-55B87A9F5832} = {E77BB022-F1CC-4A6B-A7B6-395FFB9EF8B8}
	EndGlobalSection
EndGlobal
